
Microsoft Visual Studio Solution File, Format Version 12.00
# Visual Studio Version 16
VisualStudioVersion = 16.0.36631.11
MinimumVisualStudioVersion = 10.0.40219.1
Project("{FAE04EC0-301F-11D3-BF4B-00C04F79EFBC}") = "QLShopQuanAo", "QLShopQuanAo\QLShopQuanAo.csproj", "{EC512C44-61EC-45C4-B878-98772A2EC282}"
EndProject
Global
	GlobalSection(SolutionConfigurationPlatforms) = preSolution
		Debug|Any CPU = Debug|Any CPU
		Release|Any CPU = Release|Any CPU
	EndGlobalSection
	GlobalSection(ProjectConfigurationPlatforms) = postSolution
		{EC512C44-61EC-45C4-B878-98772A2EC282}.Debug|Any CPU.ActiveCfg = Debug|Any CPU
		{EC512C44-61EC-45C4-B878-98772A2EC282}.Debug|Any CPU.Build.0 = Debug|Any CPU
		{EC512C44-61EC-45C4-B878-98772A2EC282}.Release|Any CPU.ActiveCfg = Release|Any CPU
		{EC512C44-61EC-45C4-B878-98772A2EC282}.Release|Any CPU.Build.0 = Release|Any CPU
	EndGlobalSection
	GlobalSection(SolutionProperties) = preSolution
		HideSolutionNode = FALSE
	EndGlobalSection
	GlobalSection(ExtensibilityGlobals) = postSolution
		SolutionGuid = {CFAE08AD-D04B-4734-8591-DA495DCCC9A4}
	EndGlobalSection
EndGlobal
